// !$*UTF8*$!
{
	archiveVersion = 1;
	classes = {
	};
	objectVersion = 50;
	objects = {

/* Begin PBXBuildFile section */
		7CA8F07823D1BEC20093CE32 /* NetworkManager.swift in Sources */ = {isa = PBXBuildFile; fileRef = 7CA8F07723D1BEC20093CE32 /* NetworkManager.swift */; };
		7CBADF3E23D1B80B0012D096 /* AppDelegate.swift in Sources */ = {isa = PBXBuildFile; fileRef = 7CBADF3D23D1B80B0012D096 /* AppDelegate.swift */; };
		7CBADF4023D1B80B0012D096 /* SceneDelegate.swift in Sources */ = {isa = PBXBuildFile; fileRef = 7CBADF3F23D1B80B0012D096 /* SceneDelegate.swift */; };
		7CBADF4223D1B80B0012D096 /* TableViewController.swift in Sources */ = {isa = PBXBuildFile; fileRef = 7CBADF4123D1B80B0012D096 /* TableViewController.swift */; };
		7CBADF4523D1B80B0012D096 /* Main.storyboard in Resources */ = {isa = PBXBuildFile; fileRef = 7CBADF4323D1B80B0012D096 /* Main.storyboard */; };
		7CBADF4723D1B80D0012D096 /* Assets.xcassets in Resources */ = {isa = PBXBuildFile; fileRef = 7CBADF4623D1B80D0012D096 /* Assets.xcassets */; };
		7CBADF4A23D1B80D0012D096 /* LaunchScreen.storyboard in Resources */ = {isa = PBXBuildFile; fileRef = 7CBADF4823D1B80D0012D096 /* LaunchScreen.storyboard */; };
		7CBADF5223D1B9140012D096 /* ViewModel.swift in Sources */ = {isa = PBXBuildFile; fileRef = 7CBADF5123D1B9140012D096 /* ViewModel.swift */; };
/* End PBXBuildFile section */

/* Begin PBXFileReference section */
		7CA8F07723D1BEC20093CE32 /* NetworkManager.swift */ = {isa = PBXFileReference; lastKnownFileType = sourcecode.swift; path = NetworkManager.swift; sourceTree = "<group>"; };
		7CBADF3A23D1B80B0012D096 /* MVVM-3.app */ = {isa = PBXFileReference; explicitFileType = wrapper.application; includeInIndex = 0; path = "MVVM-3.app"; sourceTree = BUILT_PRODUCTS_DIR; };
		7CBADF3D23D1B80B0012D096 /* AppDelegate.swift */ = {isa = PBXFileReference; lastKnownFileType = sourcecode.swift; path = AppDelegate.swift; sourceTree = "<group>"; };
		7CBADF3F23D1B80B0012D096 /* SceneDelegate.swift */ = {isa = PBXFileReference; lastKnownFileType = sourcecode.swift; path = SceneDelegate.swift; sourceTree = "<group>"; };
		7CBADF4123D1B80B0012D096 /* TableViewController.swift */ = {isa = PBXFileReference; lastKnownFileType = sourcecode.swift; path = TableViewController.swift; sourceTree = "<group>"; };
		7CBADF4423D1B80B0012D096 /* Base */ = {isa = PBXFileReference; lastKnownFileType = file.storyboard; name = Base; path = Base.lproj/Main.storyboard; sourceTree = "<group>"; };
		7CBADF4623D1B80D0012D096 /* Assets.xcassets */ = {isa = PBXFileReference; lastKnownFileType = folder.assetcatalog; path = Assets.xcassets; sourceTree = "<group>"; };
		7CBADF4923D1B80D0012D096 /* Base */ = {isa = PBXFileReference; lastKnownFileType = file.storyboard; name = Base; path = Base.lproj/LaunchScreen.storyboard; sourceTree = "<group>"; };
		7CBADF4B23D1B80D0012D096 /* Info.plist */ = {isa = PBXFileReference; lastKnownFileType = text.plist.xml; path = Info.plist; sourceTree = "<group>"; };
		7CBADF5123D1B9140012D096 /* ViewModel.swift */ = {isa = PBXFileReference; lastKnownFileType = sourcecode.swift; path = ViewModel.swift; sourceTree = "<group>"; };
/* End PBXFileReference section */

/* Begin PBXFrameworksBuildPhase section */
		7CBADF3723D1B80B0012D096 /* Frameworks */ = {
			isa = PBXFrameworksBuildPhase;
			buildActionMask = 2147483647;
			files = (
			);
			runOnlyForDeploymentPostprocessing = 0;
		};
/* End PBXFrameworksBuildPhase section */

/* Begin PBXGroup section */
		7CBADF3123D1B80B0012D096 = {
			isa = PBXGroup;
			children = (
				7CBADF3C23D1B80B0012D096 /* MVVM-3 */,
				7CBADF3B23D1B80B0012D096 /* Products */,
			);
			sourceTree = "<group>";
		};
		7CBADF3B23D1B80B0012D096 /* Products */ = {
			isa = PBXGroup;
			children = (
				7CBADF3A23D1B80B0012D096 /* MVVM-3.app */,
			);
			name = Products;
			sourceTree = "<group>";
		};
		7CBADF3C23D1B80B0012D096 /* MVVM-3 */ = {
			isa = PBXGroup;
			children = (
				7CBADF3D23D1B80B0012D096 /* AppDelegate.swift */,
				7CBADF3F23D1B80B0012D096 /* SceneDelegate.swift */,
				7CBADF4123D1B80B0012D096 /* TableViewController.swift */,
				7CBADF4323D1B80B0012D096 /* Main.storyboard */,
				7CBADF5123D1B9140012D096 /* ViewModel.swift */,
				7CBADF4623D1B80D0012D096 /* Assets.xcassets */,
				7CBADF4823D1B80D0012D096 /* LaunchScreen.storyboard */,
				7CBADF4B23D1B80D0012D096 /* Info.plist */,
				7CA8F07723D1BEC20093CE32 /* NetworkManager.swift */,
			);
			path = "MVVM-3";
			sourceTree = "<group>";
		};
/* End PBXGroup section */

/* Begin PBXNativeTarget section */
		7CBADF3923D1B80B0012D096 /* MVVM-3 */ = {
			isa = PBXNativeTarget;
			buildConfigurationList = 7CBADF4E23D1B80D0012D096 /* Build configuration list for PBXNativeTarget "MVVM-3" */;
			buildPhases = (
				7CBADF3623D1B80B0012D096 /* Sources */,
				7CBADF3723D1B80B0012D096 /* Frameworks */,
				7CBADF3823D1B80B0012D096 /* Resources */,
			);
			buildRules = (
			);
			dependencies = (
			);
			name = "MVVM-3";
			productName = "MVVM-3";
			productReference = 7CBADF3A23D1B80B0012D096 /* MVVM-3.app */;
			productType = "com.apple.product-type.application";
		};
/* End PBXNativeTarget section */

/* Begin PBXProject section */
		7CBADF3223D1B80B0012D096 /* Project object */ = {
			isa = PBXProject;
			attributes = {
				LastSwiftUpdateCheck = 1120;
				LastUpgradeCheck = 1120;
				ORGANIZATIONNAME = "Алексей Макаров";
				TargetAttributes = {
					7CBADF3923D1B80B0012D096 = {
						CreatedOnToolsVersion = 11.2.1;
					};
				};
			};
			buildConfigurationList = 7CBADF3523D1B80B0012D096 /* Build configuration list for PBXProject "MVVM-3" */;
			compatibilityVersion = "Xcode 9.3";
			developmentRegion = en;
			hasScannedForEncodings = 0;
			knownRegions = (
				en,
				Base,
			);
			mainGroup = 7CBADF3123D1B80B0012D096;
			productRefGroup = 7CBADF3B23D1B80B0012D096 /* Products */;
			projectDirPath = "";
			projectRoot = "";
			targets = (
				7CBADF3923D1B80B0012D096 /* MVVM-3 */,
			);
		};
/* End PBXProject section */

/* Begin PBXResourcesBuildPhase section */
		7CBADF3823D1B80B0012D096 /* Resources */ = {
			isa = PBXResourcesBuildPhase;
			buildActionMask = 2147483647;
			files = (
				7CBADF4A23D1B80D0012D096 /* LaunchScreen.storyboard in Resources */,
				7CBADF4723D1B80D0012D096 /* Assets.xcassets in Resources */,
				7CBADF4523D1B80B0012D096 /* Main.storyboard in Resources */,
			);
			runOnlyForDeploymentPostprocessing = 0;
		};
/* End PBXResourcesBuildPhase section */

/* Begin PBXSourcesBuildPhase section */
		7CBADF3623D1B80B0012D096 /* Sources */ = {
			isa = PBXSourcesBuildPhase;
			buildActionMask = 2147483647;
			files = (
				7CBADF4223D1B80B0012D096 /* TableViewController.swift in Sources */,
				7CBADF3E23D1B80B0012D096 /* AppDelegate.swift in Sources */,
				7CA8F07823D1BEC20093CE32 /* NetworkManager.swift in Sources */,
				7CBADF5223D1B9140012D096 /* ViewModel.swift in Sources */,
				7CBADF4023D1B80B0012D096 /* SceneDelegate.swift in Sources */,
			);
			runOnlyForDeploymentPostprocessing = 0;
		};
/* End PBXSourcesBuildPhase section */

/* Begin PBXVariantGroup section */
		7CBADF4323D1B80B0012D096 /* Main.storyboard */ = {
			isa = PBXVariantGroup;
			children = (
				7CBADF4423D1B80B0012D096 /* Base */,
			);
			name = Main.storyboard;
			sourceTree = "<group>";
		};
		7CBADF4823D1B80D0012D096 /* LaunchScreen.storyboard */ = {
			isa = PBXVariantGroup;
			children = (
				7CBADF4923D1B80D0012D096 /* Base */,
			);
			name = LaunchScreen.storyboard;
			sourceTree = "<group>";
		};
/* End PBXVariantGroup section */

/* Begin XCBuildConfiguration section */
		7CBADF4C23D1B80D0012D096 /* Debug */ = {
			isa = XCBuildConfiguration;
			buildSettings = {
				ALWAYS_SEARCH_USER_PATHS = NO;
				CLANG_ANALYZER_NONNULL = YES;
				CLANG_ANALYZER_NUMBER_OBJECT_CONVERSION = YES_AGGRESSIVE;
				CLANG_CXX_LANGUAGE_STANDARD = "gnu++14";
				CLANG_CXX_LIBRARY = "libc++";
				CLANG_ENABLE_MODULES = YES;
				CLANG_ENABLE_OBJC_ARC = YES;
				CLANG_ENABLE_OBJC_WEAK = YES;
				CLANG_WARN_BLOCK_CAPTURE_AUTORELEASING = YES;
				CLANG_WARN_BOOL_CONVERSION = YES;
				CLANG_WARN_COMMA = YES;
				CLANG_WARN_CONSTANT_CONVERSION = YES;
				CLANG_WARN_DEPRECATED_OBJC_IMPLEMENTATIONS = YES;
				CLANG_WARN_DIRECT_OBJC_ISA_USAGE = YES_ERROR;
				CLANG_WARN_DOCUMENTATION_COMMENTS = YES;
				CLANG_WARN_EMPTY_BODY = YES;
				CLANG_WARN_ENUM_CONVERSION = YES;
				CLANG_WARN_INFINITE_RECURSION = YES;
				CLANG_WARN_INT_CONVERSION = YES;
				CLANG_WARN_NON_LITERAL_NULL_CONVERSION = YES;
				CLANG_WARN_OBJC_IMPLICIT_RETAIN_SELF = YES;
				CLANG_WARN_OBJC_LITERAL_CONVERSION = YES;
				CLANG_WARN_OBJC_ROOT_CLASS = YES_ERROR;
				CLANG_WARN_RANGE_LOOP_ANALYSIS = YES;
				CLANG_WARN_STRICT_PROTOTYPES = YES;
				CLANG_WARN_SUSPICIOUS_MOVE = YES;
				CLANG_WARN_UNGUARDED_AVAILABILITY = YES_AGGRESSIVE;
				CLANG_WARN_UNREACHABLE_CODE = YES;
				CLANG_WARN__DUPLICATE_METHOD_MATCH = YES;
				COPY_PHASE_STRIP = NO;
				DEBUG_INFORMATION_FORMAT = dwarf;
				ENABLE_STRICT_OBJC_MSGSEND = YES;
				ENABLE_TESTABILITY = YES;
				GCC_C_LANGUAGE_STANDARD = gnu11;
				GCC_DYNAMIC_NO_PIC = NO;
				GCC_NO_COMMON_BLOCKS = YES;
				GCC_OPTIMIZATION_LEVEL = 0;
				GCC_PREPROCESSOR_DEFINITIONS = (
					"DEBUG=1",
					"$(inherited)",
				);
				GCC_WARN_64_TO_32_BIT_CONVERSION = YES;
				GCC_WARN_ABOUT_RETURN_TYPE = YES_ERROR;
				GCC_WARN_UNDECLARED_SELECTOR = YES;
				GCC_WARN_UNINITIALIZED_AUTOS = YES_AGGRESSIVE;
				GCC_WARN_UNUSED_FUNCTION = YES;
				GCC_WARN_UNUSED_VARIABLE = YES;
				IPHONEOS_DEPLOYMENT_TARGET = 13.2;
				MTL_ENABLE_DEBUG_INFO = INCLUDE_SOURCE;
				MTL_FAST_MATH = YES;
				ONLY_ACTIVE_ARCH = YES;
				SDKROOT = iphoneos;
				SWIFT_ACTIVE_COMPILATION_CONDITIONS = DEBUG;
				SWIFT_OPTIMIZATION_LEVEL = "-Onone";
			};
			name = Debug;
		};
		7CBADF4D23D1B80D0012D096 /* Release */ = {
			isa = XCBuildConfiguration;
			buildSettings = {
				ALWAYS_SEARCH_USER_PATHS = NO;
				CLANG_ANALYZER_NONNULL = YES;
				CLANG_ANALYZER_NUMBER_OBJECT_CONVERSION = YES_AGGRESSIVE;
				CLANG_CXX_LANGUAGE_STANDARD = "gnu++14";
				CLANG_CXX_LIBRARY = "libc++";
				CLANG_ENABLE_MODULES = YES;
				CLANG_ENABLE_OBJC_ARC = YES;
				CLANG_ENABLE_OBJC_WEAK = YES;
				CLANG_WARN_BLOCK_CAPTURE_AUTORELEASING = YES;
				CLANG_WARN_BOOL_CONVERSION = YES;
				CLANG_WARN_COMMA = YES;
				CLANG_WARN_CONSTANT_CONVERSION = YES;
				CLANG_WARN_DEPRECATED_OBJC_IMPLEMENTATIONS = YES;
				CLANG_WARN_DIRECT_OBJC_ISA_USAGE = YES_ERROR;
				CLANG_WARN_DOCUMENTATION_COMMENTS = YES;
				CLANG_WARN_EMPTY_BODY = YES;
				CLANG_WARN_ENUM_CONVERSION = YES;
				CLANG_WARN_INFINITE_RECURSION = YES;
				CLANG_WARN_INT_CONVERSION = YES;
				CLANG_WARN_NON_LITERAL_NULL_CONVERSION = YES;
				CLANG_WARN_OBJC_IMPLICIT_RETAIN_SELF = YES;
				CLANG_WARN_OBJC_LITERAL_CONVERSION = YES;
				CLANG_WARN_OBJC_ROOT_CLASS = YES_ERROR;
				CLANG_WARN_RANGE_LOOP_ANALYSIS = YES;
				CLANG_WARN_STRICT_PROTOTYPES = YES;
				CLANG_WARN_SUSPICIOUS_MOVE = YES;
				CLANG_WARN_UNGUARDED_AVAILABILITY = YES_AGGRESSIVE;
				CLANG_WARN_UNREACHABLE_CODE = YES;
				CLANG_WARN__DUPLICATE_METHOD_MATCH = YES;
				COPY_PHASE_STRIP = NO;
				DEBUG_INFORMATION_FORMAT = "dwarf-with-dsym";
				ENABLE_NS_ASSERTIONS = NO;
				ENABLE_STRICT_OBJC_MSGSEND = YES;
				GCC_C_LANGUAGE_STANDARD = gnu11;
				GCC_NO_COMMON_BLOCKS = YES;
				GCC_WARN_64_TO_32_BIT_CONVERSION = YES;
				GCC_WARN_ABOUT_RETURN_TYPE = YES_ERROR;
				GCC_WARN_UNDECLARED_SELECTOR = YES;
				GCC_WARN_UNINITIALIZED_AUTOS = YES_AGGRESSIVE;
				GCC_WARN_UNUSED_FUNCTION = YES;
				GCC_WARN_UNUSED_VARIABLE = YES;
				IPHONEOS_DEPLOYMENT_TARGET = 13.2;
				MTL_ENABLE_DEBUG_INFO = NO;
				MTL_FAST_MATH = YES;
				SDKROOT = iphoneos;
				SWIFT_COMPILATION_MODE = wholemodule;
				SWIFT_OPTIMIZATION_LEVEL = "-O";
				VALIDATE_PRODUCT = YES;
			};
			name = Release;
		};
		7CBADF4F23D1B80D0012D096 /* Debug */ = {
			isa = XCBuildConfiguration;
			buildSettings = {
				ASSETCATALOG_COMPILER_APPICON_NAME = AppIcon;
				CODE_SIGN_STYLE = Automatic;
				DEVELOPMENT_TEAM = CKWSAD96UP;
				INFOPLIST_FILE = "MVVM-3/Info.plist";
				LD_RUNPATH_SEARCH_PATHS = (
					"$(inherited)",
					"@executable_path/Frameworks",
				);
				PRODUCT_BUNDLE_IDENTIFIER = "AM.MVVM-3";
				PRODUCT_NAME = "$(TARGET_NAME)";
				SWIFT_VERSION = 5.0;
				TARGETED_DEVICE_FAMILY = 1;
			};
			name = Debug;
		};
		7CBADF5023D1B80D0012D096 /* Release */ = {
			isa = XCBuildConfiguration;
			buildSettings = {
				ASSETCATALOG_COMPILER_APPICON_NAME = AppIcon;
				CODE_SIGN_STYLE = Automatic;
				DEVELOPMENT_TEAM = CKWSAD96UP;
				INFOPLIST_FILE = "MVVM-3/Info.plist";
				LD_RUNPATH_SEARCH_PATHS = (
					"$(inherited)",
					"@executable_path/Frameworks",
				);
				PRODUCT_BUNDLE_IDENTIFIER = "AM.MVVM-3";
				PRODUCT_NAME = "$(TARGET_NAME)";
				SWIFT_VERSION = 5.0;
				TARGETED_DEVICE_FAMILY = 1;
			};
			name = Release;
		};
/* End XCBuildConfiguration section */

/* Begin XCConfigurationList section */
		7CBADF3523D1B80B0012D096 /* Build configuration list for PBXProject "MVVM-3" */ = {
			isa = XCConfigurationList;
			buildConfigurations = (
				7CBADF4C23D1B80D0012D096 /* Debug */,
				7CBADF4D23D1B80D0012D096 /* Release */,
			);
			defaultConfigurationIsVisible = 0;
			defaultConfigurationName = Release;
		};
		7CBADF4E23D1B80D0012D096 /* Build configuration list for PBXNativeTarget "MVVM-3" */ = {
			isa = XCConfigurationList;
			buildConfigurations = (
				7CBADF4F23D1B80D0012D096 /* Debug */,
				7CBADF5023D1B80D0012D096 /* Release */,
			);
			defaultConfigurationIsVisible = 0;
			defaultConfigurationName = Release;
		};
/* End XCConfigurationList section */
	};
	rootObject = 7CBADF3223D1B80B0012D096 /* Project object */;
}
